
Microsoft Visual Studio Solution File, Format Version 12.00
# Visual Studio Version 16
VisualStudioVersion = 16.0.30907.101
MinimumVisualStudioVersion = 10.0.40219.1
Project("{FAE04EC0-301F-11D3-BF4B-00C04F79EFBC}") = "ASP Lab clans", "ASP Lab clans.csproj", "{83080524-1E73-4DD7-88CB-AA9221BF84EF}"
EndProject
Global
	GlobalSection(SolutionConfigurationPlatforms) = preSolution
		Debug|Any CPU = Debug|Any CPU
		Release|Any CPU = Release|Any CPU
	EndGlobalSection
	GlobalSection(ProjectConfigurationPlatforms) = postSolution
		{83080524-1E73-4DD7-88CB-AA9221BF84EF}.Debug|Any CPU.ActiveCfg = Debug|Any CPU
		{83080524-1E73-4DD7-88CB-AA9221BF84EF}.Debug|Any CPU.Build.0 = Debug|Any CPU
		{83080524-1E73-4DD7-88CB-AA9221BF84EF}.Release|Any CPU.ActiveCfg = Release|Any CPU
		{83080524-1E73-4DD7-88CB-AA9221BF84EF}.Release|Any CPU.Build.0 = Release|Any CPU
	EndGlobalSection
	GlobalSection(SolutionProperties) = preSolution
		HideSolutionNode = FALSE
	EndGlobalSection
	GlobalSection(ExtensibilityGlobals) = postSolution
		SolutionGuid = {D53E31E4-535D-4B5E-B42B-220AD66DF9F1}
	EndGlobalSection
EndGlobal
